<?xml version="1.0" encoding="UTF-8"?>
<Scheme
   LastUpgradeVersion = "0630"
   version = "1.3">
   <BuildAction
      parallelizeBuildables = "YES"
      buildImplicitDependencies = "YES">
      <BuildActionEntries>
         <BuildActionEntry
            buildForTesting = "YES"
            buildForRunning = "YES"
            buildForProfiling = "YES"
            buildForArchiving = "YES"
            buildForAnalyzing = "YES">
            <BuildableReference
               BuildableIdentifier = "primary"
               BlueprintIdentifier = "BCB70EF31BB381160012CD10"
               BuildableName = "7.&#x53ef;&#x53d8;&#x5b57;&#x7b26;&#x4e32;&#x7684;&#x64cd;&#x4f5c;"
               BlueprintName = "7.&#x53ef;&#x53d8;&#x5b57;&#x7b26;&#x4e32;&#x7684;&#x64cd;&#x4f5c;"
               ReferencedContainer = "container:1.&#x56de;&#x987e;&#x7c7b;&#x548c;&#x5bf9;&#x8c61;.xcodeproj">
            </BuildableReference>
         </BuildActionEntry>
      </BuildActionEntries>
   </BuildAction>
   <TestAction
      selectedDebuggerIdentifier = "Xcode.DebuggerFoundation.Debugger.LLDB"
      selectedLauncherIdentifier = "Xcode.DebuggerFoundation.Launcher.LLDB"
      shouldUseLaunchSchemeArgsEnv = "YES"
      buildConfiguration = "Debug">
      <Testables>
      </Testables>
      <MacroExpansion>
         <BuildableReference
            BuildableIdentifier = "primary"
            BlueprintIdentifier = "BCB70EF31BB381160012CD10"
            BuildableName = "7.&#x53ef;&#x53d8;&#x5b57;&#x7b26;&#x4e32;&#x7684;&#x64cd;&#x4f5c;"
            BlueprintName = "7.&#x53ef;&#x53d8;&#x5b57;&#x7b26;&#x4e32;&#x7684;&#x64cd;&#x4f5c;"
            ReferencedContainer = "container:1.&#x56de;&#x987e;&#x7c7b;&#x548c;&#x5bf9;&#x8c61;.xcodeproj">
         </BuildableReference>
      </MacroExpansion>
   </TestAction>
   <LaunchAction
      selectedDebuggerIdentifier = "Xcode.DebuggerFoundation.Debugger.LLDB"
      selectedLauncherIdentifier = "Xcode.DebuggerFoundation.Launcher.LLDB"
      launchStyle = "0"
      useCustomWorkingDirectory = "NO"
      buildConfiguration = "Debug"
      ignoresPersistentStateOnLaunch = "NO"
      debugDocumentVersioning = "YES"
      allowLocationSimulation = "YES">
      <BuildableProductRunnable
         runnableDebuggingMode = "0">
         <BuildableReference
            BuildableIdentifier = "primary"
            BlueprintIdentifier = "BCB70EF31BB381160012CD10"
            BuildableName = "7.&#x53ef;&#x53d8;&#x5b57;&#x7b26;&#x4e32;&#x7684;&#x64cd;&#x4f5c;"
            BlueprintName = "7.&#x53ef;&#x53d8;&#x5b57;&#x7b26;&#x4e32;&#x7684;&#x64cd;&#x4f5c;"
            ReferencedContainer = "container:1.&#x56de;&#x987e;&#x7c7b;&#x548c;&#x5bf9;&#x8c61;.xcodeproj">
         </BuildableReference>
      </BuildableProductRunnable>
      <AdditionalOptions>
      </AdditionalOptions>
   </LaunchAction>
   <ProfileAction
      shouldUseLaunchSchemeArgsEnv = "YES"
      savedToolIdentifier = ""
      useCustomWorkingDirectory = "NO"
      buildConfiguration = "Release"
      debugDocumentVersioning = "YES">
      <BuildableProductRunnable
         runnableDebuggingMode = "0">
         <BuildableReference
            BuildableIdentifier = "primary"
            BlueprintIdentifier = "BCB70EF31BB381160012CD10"
            BuildableName = "7.&#x53ef;&#x53d8;&#x5b57;&#x7b26;&#x4e32;&#x7684;&#x64cd;&#x4f5c;"
            BlueprintName = "7.&#x53ef;&#x53d8;&#x5b57;&#x7b26;&#x4e32;&#x7684;&#x64cd;&#x4f5c;"
            ReferencedContainer = "container:1.&#x56de;&#x987e;&#x7c7b;&#x548c;&#x5bf9;&#x8c61;.xcodeproj">
         </BuildableReference>
      </BuildableProductRunnable>
   </ProfileAction>
   <AnalyzeAction
      buildConfiguration = "Debug">
   </AnalyzeAction>
   <ArchiveAction
      buildConfiguration = "Release"
      revealArchiveInOrganizer = "YES">
   </ArchiveAction>
</Scheme>
