// !$*UTF8*$!
{
	archiveVersion = 1;
	classes = {
	};
	objectVersion = 46;
	objects = {

/* Begin PBXBuildFile section */
		BCD621D31BBC45F40024A529 /* main.m in Sources */ = {isa = PBXBuildFile; fileRef = BCD621D21BBC45F40024A529 /* main.m */; };
		BCD621DB1BBC46210024A529 /* NSMutableArray+ReserveArray.m in Sources */ = {isa = PBXBuildFile; fileRef = BCD621DA1BBC46210024A529 /* NSMutableArray+ReserveArray.m */; };
		BCD621E31BBC47A00024A529 /* main.m in Sources */ = {isa = PBXBuildFile; fileRef = BCD621E21BBC47A00024A529 /* main.m */; };
		BCD621E91BBC47BE0024A529 /* QFCar.m in Sources */ = {isa = PBXBuildFile; fileRef = BCD621E81BBC47BE0024A529 /* QFCar.m */; };
		BCD621EC1BBC47D20024A529 /* Taix.m in Sources */ = {isa = PBXBuildFile; fileRef = BCD621EB1BBC47D20024A529 /* Taix.m */; };
		BCD621EF1BBC47DF0024A529 /* Truck.m in Sources */ = {isa = PBXBuildFile; fileRef = BCD621EE1BBC47DF0024A529 /* Truck.m */; };
		BCD621F71BBC4CBD0024A529 /* main.m in Sources */ = {isa = PBXBuildFile; fileRef = BCD621F61BBC4CBD0024A529 /* main.m */; };
		BCD621FD1BBC4CD30024A529 /* File.m in Sources */ = {isa = PBXBuildFile; fileRef = BCD621FC1BBC4CD30024A529 /* File.m */; };
		BCD622051BBC59590024A529 /* main.m in Sources */ = {isa = PBXBuildFile; fileRef = BCD622041BBC59590024A529 /* main.m */; };
		BCD622101BBC648D0024A529 /* main.m in Sources */ = {isa = PBXBuildFile; fileRef = BCD6220F1BBC648D0024A529 /* main.m */; };
		BCD6221B1BBC8FE30024A529 /* main.m in Sources */ = {isa = PBXBuildFile; fileRef = BCD6221A1BBC8FE30024A529 /* main.m */; };
		BCD622261BBCA0DA0024A529 /* main.m in Sources */ = {isa = PBXBuildFile; fileRef = BCD622251BBCA0DA0024A529 /* main.m */; };
		BCD622311BBCAFBD0024A529 /* main.m in Sources */ = {isa = PBXBuildFile; fileRef = BCD622301BBCAFBD0024A529 /* main.m */; };
/* End PBXBuildFile section */

/* Begin PBXCopyFilesBuildPhase section */
		BCD621CD1BBC45F40024A529 /* CopyFiles */ = {
			isa = PBXCopyFilesBuildPhase;
			buildActionMask = 2147483647;
			dstPath = /usr/share/man/man1/;
			dstSubfolderSpec = 0;
			files = (
			);
			runOnlyForDeploymentPostprocessing = 1;
		};
		BCD621DE1BBC47A00024A529 /* CopyFiles */ = {
			isa = PBXCopyFilesBuildPhase;
			buildActionMask = 2147483647;
			dstPath = /usr/share/man/man1/;
			dstSubfolderSpec = 0;
			files = (
			);
			runOnlyForDeploymentPostprocessing = 1;
		};
		BCD621F21BBC4CBD0024A529 /* CopyFiles */ = {
			isa = PBXCopyFilesBuildPhase;
			buildActionMask = 2147483647;
			dstPath = /usr/share/man/man1/;
			dstSubfolderSpec = 0;
			files = (
			);
			runOnlyForDeploymentPostprocessing = 1;
		};
		BCD622001BBC59590024A529 /* CopyFiles */ = {
			isa = PBXCopyFilesBuildPhase;
			buildActionMask = 2147483647;
			dstPath = /usr/share/man/man1/;
			dstSubfolderSpec = 0;
			files = (
			);
			runOnlyForDeploymentPostprocessing = 1;
		};
		BCD6220B1BBC648D0024A529 /* CopyFiles */ = {
			isa = PBXCopyFilesBuildPhase;
			buildActionMask = 2147483647;
			dstPath = /usr/share/man/man1/;
			dstSubfolderSpec = 0;
			files = (
			);
			runOnlyForDeploymentPostprocessing = 1;
		};
		BCD622161BBC8FE30024A529 /* CopyFiles */ = {
			isa = PBXCopyFilesBuildPhase;
			buildActionMask = 2147483647;
			dstPath = /usr/share/man/man1/;
			dstSubfolderSpec = 0;
			files = (
			);
			runOnlyForDeploymentPostprocessing = 1;
		};
		BCD622211BBCA0DA0024A529 /* CopyFiles */ = {
			isa = PBXCopyFilesBuildPhase;
			buildActionMask = 2147483647;
			dstPath = /usr/share/man/man1/;
			dstSubfolderSpec = 0;
			files = (
			);
			runOnlyForDeploymentPostprocessing = 1;
		};
		BCD6222C1BBCAFBD0024A529 /* CopyFiles */ = {
			isa = PBXCopyFilesBuildPhase;
			buildActionMask = 2147483647;
			dstPath = /usr/share/man/man1/;
			dstSubfolderSpec = 0;
			files = (
			);
			runOnlyForDeploymentPostprocessing = 1;
		};
/* End PBXCopyFilesBuildPhase section */

/* Begin PBXFileReference section */
		BCD621CF1BBC45F40024A529 /* 1.家庭作业 */ = {isa = PBXFileReference; explicitFileType = "compiled.mach-o.executable"; includeInIndex = 0; path = "1.家庭作业"; sourceTree = BUILT_PRODUCTS_DIR; };
		BCD621D21BBC45F40024A529 /* main.m */ = {isa = PBXFileReference; lastKnownFileType = sourcecode.c.objc; path = main.m; sourceTree = "<group>"; };
		BCD621D91BBC46210024A529 /* NSMutableArray+ReserveArray.h */ = {isa = PBXFileReference; fileEncoding = 4; lastKnownFileType = sourcecode.c.h; path = "NSMutableArray+ReserveArray.h"; sourceTree = "<group>"; };
		BCD621DA1BBC46210024A529 /* NSMutableArray+ReserveArray.m */ = {isa = PBXFileReference; fileEncoding = 4; lastKnownFileType = sourcecode.c.objc; path = "NSMutableArray+ReserveArray.m"; sourceTree = "<group>"; };
		BCD621E01BBC47A00024A529 /* 2.家庭作业－多态 */ = {isa = PBXFileReference; explicitFileType = "compiled.mach-o.executable"; includeInIndex = 0; path = "2.家庭作业－多态"; sourceTree = BUILT_PRODUCTS_DIR; };
		BCD621E21BBC47A00024A529 /* main.m */ = {isa = PBXFileReference; lastKnownFileType = sourcecode.c.objc; path = main.m; sourceTree = "<group>"; };
		BCD621E71BBC47BE0024A529 /* QFCar.h */ = {isa = PBXFileReference; fileEncoding = 4; lastKnownFileType = sourcecode.c.h; path = QFCar.h; sourceTree = "<group>"; };
		BCD621E81BBC47BE0024A529 /* QFCar.m */ = {isa = PBXFileReference; fileEncoding = 4; lastKnownFileType = sourcecode.c.objc; path = QFCar.m; sourceTree = "<group>"; };
		BCD621EA1BBC47D20024A529 /* Taix.h */ = {isa = PBXFileReference; fileEncoding = 4; lastKnownFileType = sourcecode.c.h; path = Taix.h; sourceTree = "<group>"; };
		BCD621EB1BBC47D20024A529 /* Taix.m */ = {isa = PBXFileReference; fileEncoding = 4; lastKnownFileType = sourcecode.c.objc; path = Taix.m; sourceTree = "<group>"; };
		BCD621ED1BBC47DF0024A529 /* Truck.h */ = {isa = PBXFileReference; fileEncoding = 4; lastKnownFileType = sourcecode.c.h; path = Truck.h; sourceTree = "<group>"; };
		BCD621EE1BBC47DF0024A529 /* Truck.m */ = {isa = PBXFileReference; fileEncoding = 4; lastKnownFileType = sourcecode.c.objc; path = Truck.m; sourceTree = "<group>"; };
		BCD621F41BBC4CBD0024A529 /* 3.单例的使用 */ = {isa = PBXFileReference; explicitFileType = "compiled.mach-o.executable"; includeInIndex = 0; path = "3.单例的使用"; sourceTree = BUILT_PRODUCTS_DIR; };
		BCD621F61BBC4CBD0024A529 /* main.m */ = {isa = PBXFileReference; lastKnownFileType = sourcecode.c.objc; path = main.m; sourceTree = "<group>"; };
		BCD621FB1BBC4CD30024A529 /* File.h */ = {isa = PBXFileReference; fileEncoding = 4; lastKnownFileType = sourcecode.c.h; path = File.h; sourceTree = "<group>"; };
		BCD621FC1BBC4CD30024A529 /* File.m */ = {isa = PBXFileReference; fileEncoding = 4; lastKnownFileType = sourcecode.c.objc; path = File.m; sourceTree = "<group>"; };
		BCD622021BBC59590024A529 /* 文件管理器类的使用1 */ = {isa = PBXFileReference; explicitFileType = "compiled.mach-o.executable"; includeInIndex = 0; path = "文件管理器类的使用1"; sourceTree = BUILT_PRODUCTS_DIR; };
		BCD622041BBC59590024A529 /* main.m */ = {isa = PBXFileReference; lastKnownFileType = sourcecode.c.objc; path = main.m; sourceTree = "<group>"; };
		BCD6220D1BBC648D0024A529 /* 拷贝&移动&删除 */ = {isa = PBXFileReference; explicitFileType = "compiled.mach-o.executable"; includeInIndex = 0; path = "拷贝&移动&删除"; sourceTree = BUILT_PRODUCTS_DIR; };
		BCD6220F1BBC648D0024A529 /* main.m */ = {isa = PBXFileReference; lastKnownFileType = sourcecode.c.objc; path = main.m; sourceTree = "<group>"; };
		BCD622181BBC8FE30024A529 /* 6.NSFileHandle的使用 */ = {isa = PBXFileReference; explicitFileType = "compiled.mach-o.executable"; includeInIndex = 0; path = "6.NSFileHandle的使用"; sourceTree = BUILT_PRODUCTS_DIR; };
		BCD6221A1BBC8FE30024A529 /* main.m */ = {isa = PBXFileReference; lastKnownFileType = sourcecode.c.objc; path = main.m; sourceTree = "<group>"; };
		BCD622231BBCA0DA0024A529 /* 7.文本文件的读写 */ = {isa = PBXFileReference; explicitFileType = "compiled.mach-o.executable"; includeInIndex = 0; path = "7.文本文件的读写"; sourceTree = BUILT_PRODUCTS_DIR; };
		BCD622251BBCA0DA0024A529 /* main.m */ = {isa = PBXFileReference; lastKnownFileType = sourcecode.c.objc; path = main.m; sourceTree = "<group>"; };
		BCD6222E1BBCAFBD0024A529 /* 8.pList文件的读写 */ = {isa = PBXFileReference; explicitFileType = "compiled.mach-o.executable"; includeInIndex = 0; path = "8.pList文件的读写"; sourceTree = BUILT_PRODUCTS_DIR; };
		BCD622301BBCAFBD0024A529 /* main.m */ = {isa = PBXFileReference; lastKnownFileType = sourcecode.c.objc; path = main.m; sourceTree = "<group>"; };
		BCD622351BBCAFFF0024A529 /* Property List.plist */ = {isa = PBXFileReference; fileEncoding = 4; lastKnownFileType = text.plist.xml; path = "Property List.plist"; sourceTree = "<group>"; };
/* End PBXFileReference section */

/* Begin PBXFrameworksBuildPhase section */
		BCD621CC1BBC45F40024A529 /* Frameworks */ = {
			isa = PBXFrameworksBuildPhase;
			buildActionMask = 2147483647;
			files = (
			);
			runOnlyForDeploymentPostprocessing = 0;
		};
		BCD621DD1BBC47A00024A529 /* Frameworks */ = {
			isa = PBXFrameworksBuildPhase;
			buildActionMask = 2147483647;
			files = (
			);
			runOnlyForDeploymentPostprocessing = 0;
		};
		BCD621F11BBC4CBD0024A529 /* Frameworks */ = {
			isa = PBXFrameworksBuildPhase;
			buildActionMask = 2147483647;
			files = (
			);
			runOnlyForDeploymentPostprocessing = 0;
		};
		BCD621FF1BBC59590024A529 /* Frameworks */ = {
			isa = PBXFrameworksBuildPhase;
			buildActionMask = 2147483647;
			files = (
			);
			runOnlyForDeploymentPostprocessing = 0;
		};
		BCD6220A1BBC648D0024A529 /* Frameworks */ = {
			isa = PBXFrameworksBuildPhase;
			buildActionMask = 2147483647;
			files = (
			);
			runOnlyForDeploymentPostprocessing = 0;
		};
		BCD622151BBC8FE30024A529 /* Frameworks */ = {
			isa = PBXFrameworksBuildPhase;
			buildActionMask = 2147483647;
			files = (
			);
			runOnlyForDeploymentPostprocessing = 0;
		};
		BCD622201BBCA0DA0024A529 /* Frameworks */ = {
			isa = PBXFrameworksBuildPhase;
			buildActionMask = 2147483647;
			files = (
			);
			runOnlyForDeploymentPostprocessing = 0;
		};
		BCD6222B1BBCAFBD0024A529 /* Frameworks */ = {
			isa = PBXFrameworksBuildPhase;
			buildActionMask = 2147483647;
			files = (
			);
			runOnlyForDeploymentPostprocessing = 0;
		};
/* End PBXFrameworksBuildPhase section */

/* Begin PBXGroup section */
		BCD621C61BBC45F40024A529 = {
			isa = PBXGroup;
			children = (
				BCD621D11BBC45F40024A529 /* 1.家庭作业 */,
				BCD621E11BBC47A00024A529 /* 2.家庭作业－多态 */,
				BCD621F51BBC4CBD0024A529 /* 3.单例的使用 */,
				BCD622031BBC59590024A529 /* 文件管理器类的使用1 */,
				BCD6220E1BBC648D0024A529 /* 拷贝&移动&删除 */,
				BCD622191BBC8FE30024A529 /* 6.NSFileHandle的使用 */,
				BCD622241BBCA0DA0024A529 /* 7.文本文件的读写 */,
				BCD6222F1BBCAFBD0024A529 /* 8.pList文件的读写 */,
				BCD621D01BBC45F40024A529 /* Products */,
			);
			sourceTree = "<group>";
		};
		BCD621D01BBC45F40024A529 /* Products */ = {
			isa = PBXGroup;
			children = (
				BCD621CF1BBC45F40024A529 /* 1.家庭作业 */,
				BCD621E01BBC47A00024A529 /* 2.家庭作业－多态 */,
				BCD621F41BBC4CBD0024A529 /* 3.单例的使用 */,
				BCD622021BBC59590024A529 /* 文件管理器类的使用1 */,
				BCD6220D1BBC648D0024A529 /* 拷贝&移动&删除 */,
				BCD622181BBC8FE30024A529 /* 6.NSFileHandle的使用 */,
				BCD622231BBCA0DA0024A529 /* 7.文本文件的读写 */,
				BCD6222E1BBCAFBD0024A529 /* 8.pList文件的读写 */,
			);
			name = Products;
			sourceTree = "<group>";
		};
		BCD621D11BBC45F40024A529 /* 1.家庭作业 */ = {
			isa = PBXGroup;
			children = (
				BCD621D21BBC45F40024A529 /* main.m */,
				BCD621D91BBC46210024A529 /* NSMutableArray+ReserveArray.h */,
				BCD621DA1BBC46210024A529 /* NSMutableArray+ReserveArray.m */,
			);
			path = "1.家庭作业";
			sourceTree = "<group>";
		};
		BCD621E11BBC47A00024A529 /* 2.家庭作业－多态 */ = {
			isa = PBXGroup;
			children = (
				BCD621E21BBC47A00024A529 /* main.m */,
				BCD621E71BBC47BE0024A529 /* QFCar.h */,
				BCD621E81BBC47BE0024A529 /* QFCar.m */,
				BCD621EA1BBC47D20024A529 /* Taix.h */,
				BCD621EB1BBC47D20024A529 /* Taix.m */,
				BCD621ED1BBC47DF0024A529 /* Truck.h */,
				BCD621EE1BBC47DF0024A529 /* Truck.m */,
			);
			path = "2.家庭作业－多态";
			sourceTree = "<group>";
		};
		BCD621F51BBC4CBD0024A529 /* 3.单例的使用 */ = {
			isa = PBXGroup;
			children = (
				BCD621F61BBC4CBD0024A529 /* main.m */,
				BCD621FB1BBC4CD30024A529 /* File.h */,
				BCD621FC1BBC4CD30024A529 /* File.m */,
			);
			path = "3.单例的使用";
			sourceTree = "<group>";
		};
		BCD622031BBC59590024A529 /* 文件管理器类的使用1 */ = {
			isa = PBXGroup;
			children = (
				BCD622041BBC59590024A529 /* main.m */,
			);
			path = "文件管理器类的使用1";
			sourceTree = "<group>";
		};
		BCD6220E1BBC648D0024A529 /* 拷贝&移动&删除 */ = {
			isa = PBXGroup;
			children = (
				BCD6220F1BBC648D0024A529 /* main.m */,
			);
			path = "拷贝&移动&删除";
			sourceTree = "<group>";
		};
		BCD622191BBC8FE30024A529 /* 6.NSFileHandle的使用 */ = {
			isa = PBXGroup;
			children = (
				BCD6221A1BBC8FE30024A529 /* main.m */,
			);
			path = "6.NSFileHandle的使用";
			sourceTree = "<group>";
		};
		BCD622241BBCA0DA0024A529 /* 7.文本文件的读写 */ = {
			isa = PBXGroup;
			children = (
				BCD622251BBCA0DA0024A529 /* main.m */,
			);
			path = "7.文本文件的读写";
			sourceTree = "<group>";
		};
		BCD6222F1BBCAFBD0024A529 /* 8.pList文件的读写 */ = {
			isa = PBXGroup;
			children = (
				BCD622301BBCAFBD0024A529 /* main.m */,
				BCD622351BBCAFFF0024A529 /* Property List.plist */,
			);
			path = "8.pList文件的读写";
			sourceTree = "<group>";
		};
/* End PBXGroup section */

/* Begin PBXNativeTarget section */
		BCD621CE1BBC45F40024A529 /* 1.家庭作业 */ = {
			isa = PBXNativeTarget;
			buildConfigurationList = BCD621D61BBC45F40024A529 /* Build configuration list for PBXNativeTarget "1.家庭作业" */;
			buildPhases = (
				BCD621CB1BBC45F40024A529 /* Sources */,
				BCD621CC1BBC45F40024A529 /* Frameworks */,
				BCD621CD1BBC45F40024A529 /* CopyFiles */,
			);
			buildRules = (
			);
			dependencies = (
			);
			name = "1.家庭作业";
			productName = "1.家庭作业";
			productReference = BCD621CF1BBC45F40024A529 /* 1.家庭作业 */;
			productType = "com.apple.product-type.tool";
		};
		BCD621DF1BBC47A00024A529 /* 2.家庭作业－多态 */ = {
			isa = PBXNativeTarget;
			buildConfigurationList = BCD621E41BBC47A00024A529 /* Build configuration list for PBXNativeTarget "2.家庭作业－多态" */;
			buildPhases = (
				BCD621DC1BBC47A00024A529 /* Sources */,
				BCD621DD1BBC47A00024A529 /* Frameworks */,
				BCD621DE1BBC47A00024A529 /* CopyFiles */,
			);
			buildRules = (
			);
			dependencies = (
			);
			name = "2.家庭作业－多态";
			productName = "2.家庭作业－多态";
			productReference = BCD621E01BBC47A00024A529 /* 2.家庭作业－多态 */;
			productType = "com.apple.product-type.tool";
		};
		BCD621F31BBC4CBD0024A529 /* 3.单例的使用 */ = {
			isa = PBXNativeTarget;
			buildConfigurationList = BCD621FA1BBC4CBD0024A529 /* Build configuration list for PBXNativeTarget "3.单例的使用" */;
			buildPhases = (
				BCD621F01BBC4CBD0024A529 /* Sources */,
				BCD621F11BBC4CBD0024A529 /* Frameworks */,
				BCD621F21BBC4CBD0024A529 /* CopyFiles */,
			);
			buildRules = (
			);
			dependencies = (
			);
			name = "3.单例的使用";
			productName = "3.单例的使用";
			productReference = BCD621F41BBC4CBD0024A529 /* 3.单例的使用 */;
			productType = "com.apple.product-type.tool";
		};
		BCD622011BBC59590024A529 /* 文件管理器类的使用1 */ = {
			isa = PBXNativeTarget;
			buildConfigurationList = BCD622061BBC59590024A529 /* Build configuration list for PBXNativeTarget "文件管理器类的使用1" */;
			buildPhases = (
				BCD621FE1BBC59590024A529 /* Sources */,
				BCD621FF1BBC59590024A529 /* Frameworks */,
				BCD622001BBC59590024A529 /* CopyFiles */,
			);
			buildRules = (
			);
			dependencies = (
			);
			name = "文件管理器类的使用1";
			productName = "文件管理器类的使用1";
			productReference = BCD622021BBC59590024A529 /* 文件管理器类的使用1 */;
			productType = "com.apple.product-type.tool";
		};
		BCD6220C1BBC648D0024A529 /* 拷贝&移动&删除 */ = {
			isa = PBXNativeTarget;
			buildConfigurationList = BCD622131BBC648D0024A529 /* Build configuration list for PBXNativeTarget "拷贝&移动&删除" */;
			buildPhases = (
				BCD622091BBC648D0024A529 /* Sources */,
				BCD6220A1BBC648D0024A529 /* Frameworks */,
				BCD6220B1BBC648D0024A529 /* CopyFiles */,
			);
			buildRules = (
			);
			dependencies = (
			);
			name = "拷贝&移动&删除";
			productName = "拷贝&移动&删除";
			productReference = BCD6220D1BBC648D0024A529 /* 拷贝&移动&删除 */;
			productType = "com.apple.product-type.tool";
		};
		BCD622171BBC8FE30024A529 /* 6.NSFileHandle的使用 */ = {
			isa = PBXNativeTarget;
			buildConfigurationList = BCD6221E1BBC8FE30024A529 /* Build configuration list for PBXNativeTarget "6.NSFileHandle的使用" */;
			buildPhases = (
				BCD622141BBC8FE30024A529 /* Sources */,
				BCD622151BBC8FE30024A529 /* Frameworks */,
				BCD622161BBC8FE30024A529 /* CopyFiles */,
			);
			buildRules = (
			);
			dependencies = (
			);
			name = "6.NSFileHandle的使用";
			productName = "6.NSFileHandle的使用";
			productReference = BCD622181BBC8FE30024A529 /* 6.NSFileHandle的使用 */;
			productType = "com.apple.product-type.tool";
		};
		BCD622221BBCA0DA0024A529 /* 7.文本文件的读写 */ = {
			isa = PBXNativeTarget;
			buildConfigurationList = BCD622271BBCA0DA0024A529 /* Build configuration list for PBXNativeTarget "7.文本文件的读写" */;
			buildPhases = (
				BCD6221F1BBCA0DA0024A529 /* Sources */,
				BCD622201BBCA0DA0024A529 /* Frameworks */,
				BCD622211BBCA0DA0024A529 /* CopyFiles */,
			);
			buildRules = (
			);
			dependencies = (
			);
			name = "7.文本文件的读写";
			productName = "7.文本文件的读写";
			productReference = BCD622231BBCA0DA0024A529 /* 7.文本文件的读写 */;
			productType = "com.apple.product-type.tool";
		};
		BCD6222D1BBCAFBD0024A529 /* 8.pList文件的读写 */ = {
			isa = PBXNativeTarget;
			buildConfigurationList = BCD622321BBCAFBD0024A529 /* Build configuration list for PBXNativeTarget "8.pList文件的读写" */;
			buildPhases = (
				BCD6222A1BBCAFBD0024A529 /* Sources */,
				BCD6222B1BBCAFBD0024A529 /* Frameworks */,
				BCD6222C1BBCAFBD0024A529 /* CopyFiles */,
			);
			buildRules = (
			);
			dependencies = (
			);
			name = "8.pList文件的读写";
			productName = "8.pList文件的读写";
			productReference = BCD6222E1BBCAFBD0024A529 /* 8.pList文件的读写 */;
			productType = "com.apple.product-type.tool";
		};
/* End PBXNativeTarget section */

/* Begin PBXProject section */
		BCD621C71BBC45F40024A529 /* Project object */ = {
			isa = PBXProject;
			attributes = {
				LastUpgradeCheck = 0630;
				ORGANIZATIONNAME = qianfeng;
				TargetAttributes = {
					BCD621CE1BBC45F40024A529 = {
						CreatedOnToolsVersion = 6.3;
					};
					BCD621DF1BBC47A00024A529 = {
						CreatedOnToolsVersion = 6.3;
					};
					BCD621F31BBC4CBD0024A529 = {
						CreatedOnToolsVersion = 6.3;
					};
					BCD622011BBC59590024A529 = {
						CreatedOnToolsVersion = 6.3;
					};
					BCD6220C1BBC648D0024A529 = {
						CreatedOnToolsVersion = 6.3;
					};
					BCD622171BBC8FE30024A529 = {
						CreatedOnToolsVersion = 6.3;
					};
					BCD622221BBCA0DA0024A529 = {
						CreatedOnToolsVersion = 6.3;
					};
					BCD6222D1BBCAFBD0024A529 = {
						CreatedOnToolsVersion = 6.3;
					};
				};
			};
			buildConfigurationList = BCD621CA1BBC45F40024A529 /* Build configuration list for PBXProject "1.家庭作业" */;
			compatibilityVersion = "Xcode 3.2";
			developmentRegion = English;
			hasScannedForEncodings = 0;
			knownRegions = (
				en,
			);
			mainGroup = BCD621C61BBC45F40024A529;
			productRefGroup = BCD621D01BBC45F40024A529 /* Products */;
			projectDirPath = "";
			projectRoot = "";
			targets = (
				BCD621CE1BBC45F40024A529 /* 1.家庭作业 */,
				BCD621DF1BBC47A00024A529 /* 2.家庭作业－多态 */,
				BCD621F31BBC4CBD0024A529 /* 3.单例的使用 */,
				BCD622011BBC59590024A529 /* 文件管理器类的使用1 */,
				BCD6220C1BBC648D0024A529 /* 拷贝&移动&删除 */,
				BCD622171BBC8FE30024A529 /* 6.NSFileHandle的使用 */,
				BCD622221BBCA0DA0024A529 /* 7.文本文件的读写 */,
				BCD6222D1BBCAFBD0024A529 /* 8.pList文件的读写 */,
			);
		};
/* End PBXProject section */

/* Begin PBXSourcesBuildPhase section */
		BCD621CB1BBC45F40024A529 /* Sources */ = {
			isa = PBXSourcesBuildPhase;
			buildActionMask = 2147483647;
			files = (
				BCD621DB1BBC46210024A529 /* NSMutableArray+ReserveArray.m in Sources */,
				BCD621D31BBC45F40024A529 /* main.m in Sources */,
			);
			runOnlyForDeploymentPostprocessing = 0;
		};
		BCD621DC1BBC47A00024A529 /* Sources */ = {
			isa = PBXSourcesBuildPhase;
			buildActionMask = 2147483647;
			files = (
				BCD621E31BBC47A00024A529 /* main.m in Sources */,
				BCD621E91BBC47BE0024A529 /* QFCar.m in Sources */,
				BCD621EC1BBC47D20024A529 /* Taix.m in Sources */,
				BCD621EF1BBC47DF0024A529 /* Truck.m in Sources */,
			);
			runOnlyForDeploymentPostprocessing = 0;
		};
		BCD621F01BBC4CBD0024A529 /* Sources */ = {
			isa = PBXSourcesBuildPhase;
			buildActionMask = 2147483647;
			files = (
				BCD621F71BBC4CBD0024A529 /* main.m in Sources */,
				BCD621FD1BBC4CD30024A529 /* File.m in Sources */,
			);
			runOnlyForDeploymentPostprocessing = 0;
		};
		BCD621FE1BBC59590024A529 /* Sources */ = {
			isa = PBXSourcesBuildPhase;
			buildActionMask = 2147483647;
			files = (
				BCD622051BBC59590024A529 /* main.m in Sources */,
			);
			runOnlyForDeploymentPostprocessing = 0;
		};
		BCD622091BBC648D0024A529 /* Sources */ = {
			isa = PBXSourcesBuildPhase;
			buildActionMask = 2147483647;
			files = (
				BCD622101BBC648D0024A529 /* main.m in Sources */,
			);
			runOnlyForDeploymentPostprocessing = 0;
		};
		BCD622141BBC8FE30024A529 /* Sources */ = {
			isa = PBXSourcesBuildPhase;
			buildActionMask = 2147483647;
			files = (
				BCD6221B1BBC8FE30024A529 /* main.m in Sources */,
			);
			runOnlyForDeploymentPostprocessing = 0;
		};
		BCD6221F1BBCA0DA0024A529 /* Sources */ = {
			isa = PBXSourcesBuildPhase;
			buildActionMask = 2147483647;
			files = (
				BCD622261BBCA0DA0024A529 /* main.m in Sources */,
			);
			runOnlyForDeploymentPostprocessing = 0;
		};
		BCD6222A1BBCAFBD0024A529 /* Sources */ = {
			isa = PBXSourcesBuildPhase;
			buildActionMask = 2147483647;
			files = (
				BCD622311BBCAFBD0024A529 /* main.m in Sources */,
			);
			runOnlyForDeploymentPostprocessing = 0;
		};
/* End PBXSourcesBuildPhase section */

/* Begin XCBuildConfiguration section */
		BCD621D41BBC45F40024A529 /* Debug */ = {
			isa = XCBuildConfiguration;
			buildSettings = {
				ALWAYS_SEARCH_USER_PATHS = NO;
				CLANG_CXX_LANGUAGE_STANDARD = "gnu++0x";
				CLANG_CXX_LIBRARY = "libc++";
				CLANG_ENABLE_MODULES = YES;
				CLANG_ENABLE_OBJC_ARC = YES;
				CLANG_WARN_BOOL_CONVERSION = YES;
				CLANG_WARN_CONSTANT_CONVERSION = YES;
				CLANG_WARN_DIRECT_OBJC_ISA_USAGE = YES_ERROR;
				CLANG_WARN_EMPTY_BODY = YES;
				CLANG_WARN_ENUM_CONVERSION = YES;
				CLANG_WARN_INT_CONVERSION = YES;
				CLANG_WARN_OBJC_ROOT_CLASS = YES_ERROR;
				CLANG_WARN_UNREACHABLE_CODE = YES;
				CLANG_WARN__DUPLICATE_METHOD_MATCH = YES;
				COPY_PHASE_STRIP = NO;
				DEBUG_INFORMATION_FORMAT = dwarf;
				ENABLE_STRICT_OBJC_MSGSEND = YES;
				GCC_C_LANGUAGE_STANDARD = gnu99;
				GCC_DYNAMIC_NO_PIC = NO;
				GCC_NO_COMMON_BLOCKS = YES;
				GCC_OPTIMIZATION_LEVEL = 0;
				GCC_PREPROCESSOR_DEFINITIONS = (
					"DEBUG=1",
					"$(inherited)",
				);
				GCC_SYMBOLS_PRIVATE_EXTERN = NO;
				GCC_WARN_64_TO_32_BIT_CONVERSION = YES;
				GCC_WARN_ABOUT_RETURN_TYPE = YES_ERROR;
				GCC_WARN_UNDECLARED_SELECTOR = YES;
				GCC_WARN_UNINITIALIZED_AUTOS = YES_AGGRESSIVE;
				GCC_WARN_UNUSED_FUNCTION = YES;
				GCC_WARN_UNUSED_VARIABLE = YES;
				MACOSX_DEPLOYMENT_TARGET = 10.10;
				MTL_ENABLE_DEBUG_INFO = YES;
				ONLY_ACTIVE_ARCH = YES;
				SDKROOT = macosx;
			};
			name = Debug;
		};
		BCD621D51BBC45F40024A529 /* Release */ = {
			isa = XCBuildConfiguration;
			buildSettings = {
				ALWAYS_SEARCH_USER_PATHS = NO;
				CLANG_CXX_LANGUAGE_STANDARD = "gnu++0x";
				CLANG_CXX_LIBRARY = "libc++";
				CLANG_ENABLE_MODULES = YES;
				CLANG_ENABLE_OBJC_ARC = YES;
				CLANG_WARN_BOOL_CONVERSION = YES;
				CLANG_WARN_CONSTANT_CONVERSION = YES;
				CLANG_WARN_DIRECT_OBJC_ISA_USAGE = YES_ERROR;
				CLANG_WARN_EMPTY_BODY = YES;
				CLANG_WARN_ENUM_CONVERSION = YES;
				CLANG_WARN_INT_CONVERSION = YES;
				CLANG_WARN_OBJC_ROOT_CLASS = YES_ERROR;
				CLANG_WARN_UNREACHABLE_CODE = YES;
				CLANG_WARN__DUPLICATE_METHOD_MATCH = YES;
				COPY_PHASE_STRIP = NO;
				DEBUG_INFORMATION_FORMAT = "dwarf-with-dsym";
				ENABLE_NS_ASSERTIONS = NO;
				ENABLE_STRICT_OBJC_MSGSEND = YES;
				GCC_C_LANGUAGE_STANDARD = gnu99;
				GCC_NO_COMMON_BLOCKS = YES;
				GCC_WARN_64_TO_32_BIT_CONVERSION = YES;
				GCC_WARN_ABOUT_RETURN_TYPE = YES_ERROR;
				GCC_WARN_UNDECLARED_SELECTOR = YES;
				GCC_WARN_UNINITIALIZED_AUTOS = YES_AGGRESSIVE;
				GCC_WARN_UNUSED_FUNCTION = YES;
				GCC_WARN_UNUSED_VARIABLE = YES;
				MACOSX_DEPLOYMENT_TARGET = 10.10;
				MTL_ENABLE_DEBUG_INFO = NO;
				SDKROOT = macosx;
			};
			name = Release;
		};
		BCD621D71BBC45F40024A529 /* Debug */ = {
			isa = XCBuildConfiguration;
			buildSettings = {
				PRODUCT_NAME = "$(TARGET_NAME)";
			};
			name = Debug;
		};
		BCD621D81BBC45F40024A529 /* Release */ = {
			isa = XCBuildConfiguration;
			buildSettings = {
				PRODUCT_NAME = "$(TARGET_NAME)";
			};
			name = Release;
		};
		BCD621E51BBC47A00024A529 /* Debug */ = {
			isa = XCBuildConfiguration;
			buildSettings = {
				GCC_PREPROCESSOR_DEFINITIONS = (
					"DEBUG=1",
					"$(inherited)",
				);
				PRODUCT_NAME = "$(TARGET_NAME)";
			};
			name = Debug;
		};
		BCD621E61BBC47A00024A529 /* Release */ = {
			isa = XCBuildConfiguration;
			buildSettings = {
				PRODUCT_NAME = "$(TARGET_NAME)";
			};
			name = Release;
		};
		BCD621F81BBC4CBD0024A529 /* Debug */ = {
			isa = XCBuildConfiguration;
			buildSettings = {
				GCC_PREPROCESSOR_DEFINITIONS = (
					"DEBUG=1",
					"$(inherited)",
				);
				PRODUCT_NAME = "$(TARGET_NAME)";
			};
			name = Debug;
		};
		BCD621F91BBC4CBD0024A529 /* Release */ = {
			isa = XCBuildConfiguration;
			buildSettings = {
				PRODUCT_NAME = "$(TARGET_NAME)";
			};
			name = Release;
		};
		BCD622071BBC59590024A529 /* Debug */ = {
			isa = XCBuildConfiguration;
			buildSettings = {
				GCC_PREPROCESSOR_DEFINITIONS = (
					"DEBUG=1",
					"$(inherited)",
				);
				PRODUCT_NAME = "$(TARGET_NAME)";
			};
			name = Debug;
		};
		BCD622081BBC59590024A529 /* Release */ = {
			isa = XCBuildConfiguration;
			buildSettings = {
				PRODUCT_NAME = "$(TARGET_NAME)";
			};
			name = Release;
		};
		BCD622111BBC648D0024A529 /* Debug */ = {
			isa = XCBuildConfiguration;
			buildSettings = {
				GCC_PREPROCESSOR_DEFINITIONS = (
					"DEBUG=1",
					"$(inherited)",
				);
				PRODUCT_NAME = "$(TARGET_NAME)";
			};
			name = Debug;
		};
		BCD622121BBC648D0024A529 /* Release */ = {
			isa = XCBuildConfiguration;
			buildSettings = {
				PRODUCT_NAME = "$(TARGET_NAME)";
			};
			name = Release;
		};
		BCD6221C1BBC8FE30024A529 /* Debug */ = {
			isa = XCBuildConfiguration;
			buildSettings = {
				GCC_PREPROCESSOR_DEFINITIONS = (
					"DEBUG=1",
					"$(inherited)",
				);
				PRODUCT_NAME = "$(TARGET_NAME)";
			};
			name = Debug;
		};
		BCD6221D1BBC8FE30024A529 /* Release */ = {
			isa = XCBuildConfiguration;
			buildSettings = {
				PRODUCT_NAME = "$(TARGET_NAME)";
			};
			name = Release;
		};
		BCD622281BBCA0DA0024A529 /* Debug */ = {
			isa = XCBuildConfiguration;
			buildSettings = {
				GCC_PREPROCESSOR_DEFINITIONS = (
					"DEBUG=1",
					"$(inherited)",
				);
				PRODUCT_NAME = "$(TARGET_NAME)";
			};
			name = Debug;
		};
		BCD622291BBCA0DA0024A529 /* Release */ = {
			isa = XCBuildConfiguration;
			buildSettings = {
				PRODUCT_NAME = "$(TARGET_NAME)";
			};
			name = Release;
		};
		BCD622331BBCAFBD0024A529 /* Debug */ = {
			isa = XCBuildConfiguration;
			buildSettings = {
				GCC_PREPROCESSOR_DEFINITIONS = (
					"DEBUG=1",
					"$(inherited)",
				);
				PRODUCT_NAME = "$(TARGET_NAME)";
			};
			name = Debug;
		};
		BCD622341BBCAFBD0024A529 /* Release */ = {
			isa = XCBuildConfiguration;
			buildSettings = {
				PRODUCT_NAME = "$(TARGET_NAME)";
			};
			name = Release;
		};
/* End XCBuildConfiguration section */

/* Begin XCConfigurationList section */
		BCD621CA1BBC45F40024A529 /* Build configuration list for PBXProject "1.家庭作业" */ = {
			isa = XCConfigurationList;
			buildConfigurations = (
				BCD621D41BBC45F40024A529 /* Debug */,
				BCD621D51BBC45F40024A529 /* Release */,
			);
			defaultConfigurationIsVisible = 0;
			defaultConfigurationName = Release;
		};
		BCD621D61BBC45F40024A529 /* Build configuration list for PBXNativeTarget "1.家庭作业" */ = {
			isa = XCConfigurationList;
			buildConfigurations = (
				BCD621D71BBC45F40024A529 /* Debug */,
				BCD621D81BBC45F40024A529 /* Release */,
			);
			defaultConfigurationIsVisible = 0;
			defaultConfigurationName = Release;
		};
		BCD621E41BBC47A00024A529 /* Build configuration list for PBXNativeTarget "2.家庭作业－多态" */ = {
			isa = XCConfigurationList;
			buildConfigurations = (
				BCD621E51BBC47A00024A529 /* Debug */,
				BCD621E61BBC47A00024A529 /* Release */,
			);
			defaultConfigurationIsVisible = 0;
			defaultConfigurationName = Release;
		};
		BCD621FA1BBC4CBD0024A529 /* Build configuration list for PBXNativeTarget "3.单例的使用" */ = {
			isa = XCConfigurationList;
			buildConfigurations = (
				BCD621F81BBC4CBD0024A529 /* Debug */,
				BCD621F91BBC4CBD0024A529 /* Release */,
			);
			defaultConfigurationIsVisible = 0;
			defaultConfigurationName = Release;
		};
		BCD622061BBC59590024A529 /* Build configuration list for PBXNativeTarget "文件管理器类的使用1" */ = {
			isa = XCConfigurationList;
			buildConfigurations = (
				BCD622071BBC59590024A529 /* Debug */,
				BCD622081BBC59590024A529 /* Release */,
			);
			defaultConfigurationIsVisible = 0;
			defaultConfigurationName = Release;
		};
		BCD622131BBC648D0024A529 /* Build configuration list for PBXNativeTarget "拷贝&移动&删除" */ = {
			isa = XCConfigurationList;
			buildConfigurations = (
				BCD622111BBC648D0024A529 /* Debug */,
				BCD622121BBC648D0024A529 /* Release */,
			);
			defaultConfigurationIsVisible = 0;
			defaultConfigurationName = Release;
		};
		BCD6221E1BBC8FE30024A529 /* Build configuration list for PBXNativeTarget "6.NSFileHandle的使用" */ = {
			isa = XCConfigurationList;
			buildConfigurations = (
				BCD6221C1BBC8FE30024A529 /* Debug */,
				BCD6221D1BBC8FE30024A529 /* Release */,
			);
			defaultConfigurationIsVisible = 0;
		};
		BCD622271BBCA0DA0024A529 /* Build configuration list for PBXNativeTarget "7.文本文件的读写" */ = {
			isa = XCConfigurationList;
			buildConfigurations = (
				BCD622281BBCA0DA0024A529 /* Debug */,
				BCD622291BBCA0DA0024A529 /* Release */,
			);
			defaultConfigurationIsVisible = 0;
		};
		BCD622321BBCAFBD0024A529 /* Build configuration list for PBXNativeTarget "8.pList文件的读写" */ = {
			isa = XCConfigurationList;
			buildConfigurations = (
				BCD622331BBCAFBD0024A529 /* Debug */,
				BCD622341BBCAFBD0024A529 /* Release */,
			);
			defaultConfigurationIsVisible = 0;
		};
/* End XCConfigurationList section */
	};
	rootObject = BCD621C71BBC45F40024A529 /* Project object */;
}
