// !$*UTF8*$!
{
	archiveVersion = 1;
	classes = {
	};
	objectVersion = 46;
	objects = {

/* Begin PBXBuildFile section */
		BCBB5EB21BAFAE6E00C41D03 /* main.m in Sources */ = {isa = PBXBuildFile; fileRef = BCBB5EB11BAFAE6E00C41D03 /* main.m */; };
/* End PBXBuildFile section */

/* Begin PBXCopyFilesBuildPhase section */
		BCBB5EAC1BAFAE6E00C41D03 /* CopyFiles */ = {
			isa = PBXCopyFilesBuildPhase;
			buildActionMask = 2147483647;
			dstPath = /usr/share/man/man1/;
			dstSubfolderSpec = 0;
			files = (
			);
			runOnlyForDeploymentPostprocessing = 1;
		};
/* End PBXCopyFilesBuildPhase section */

/* Begin PBXFileReference section */
		BCBB5EAE1BAFAE6E00C41D03 /* 1-设计人类 */ = {isa = PBXFileReference; explicitFileType = "compiled.mach-o.executable"; includeInIndex = 0; path = "1-设计人类"; sourceTree = BUILT_PRODUCTS_DIR; };
		BCBB5EB11BAFAE6E00C41D03 /* main.m */ = {isa = PBXFileReference; lastKnownFileType = sourcecode.c.objc; path = main.m; sourceTree = "<group>"; };
/* End PBXFileReference section */

/* Begin PBXFrameworksBuildPhase section */
		BCBB5EAB1BAFAE6E00C41D03 /* Frameworks */ = {
			isa = PBXFrameworksBuildPhase;
			buildActionMask = 2147483647;
			files = (
			);
			runOnlyForDeploymentPostprocessing = 0;
		};
/* End PBXFrameworksBuildPhase section */

/* Begin PBXGroup section */
		BCBB5EA51BAFAE6E00C41D03 = {
			isa = PBXGroup;
			children = (
				BCBB5EB01BAFAE6E00C41D03 /* 1-设计人类 */,
				BCBB5EAF1BAFAE6E00C41D03 /* Products */,
			);
			sourceTree = "<group>";
		};
		BCBB5EAF1BAFAE6E00C41D03 /* Products */ = {
			isa = PBXGroup;
			children = (
				BCBB5EAE1BAFAE6E00C41D03 /* 1-设计人类 */,
			);
			name = Products;
			sourceTree = "<group>";
		};
		BCBB5EB01BAFAE6E00C41D03 /* 1-设计人类 */ = {
			isa = PBXGroup;
			children = (
				BCBB5EB11BAFAE6E00C41D03 /* main.m */,
			);
			path = "1-设计人类";
			sourceTree = "<group>";
		};
/* End PBXGroup section */

/* Begin PBXNativeTarget section */
		BCBB5EAD1BAFAE6E00C41D03 /* 1-设计人类 */ = {
			isa = PBXNativeTarget;
			buildConfigurationList = BCBB5EB51BAFAE6E00C41D03 /* Build configuration list for PBXNativeTarget "1-设计人类" */;
			buildPhases = (
				BCBB5EAA1BAFAE6E00C41D03 /* Sources */,
				BCBB5EAB1BAFAE6E00C41D03 /* Frameworks */,
				BCBB5EAC1BAFAE6E00C41D03 /* CopyFiles */,
			);
			buildRules = (
			);
			dependencies = (
			);
			name = "1-设计人类";
			productName = "1-设计人类";
			productReference = BCBB5EAE1BAFAE6E00C41D03 /* 1-设计人类 */;
			productType = "com.apple.product-type.tool";
		};
/* End PBXNativeTarget section */

/* Begin PBXProject section */
		BCBB5EA61BAFAE6E00C41D03 /* Project object */ = {
			isa = PBXProject;
			attributes = {
				LastUpgradeCheck = 0610;
				ORGANIZATIONNAME = qianfeng;
				TargetAttributes = {
					BCBB5EAD1BAFAE6E00C41D03 = {
						CreatedOnToolsVersion = 6.1.1;
					};
				};
			};
			buildConfigurationList = BCBB5EA91BAFAE6E00C41D03 /* Build configuration list for PBXProject "1-设计人类" */;
			compatibilityVersion = "Xcode 3.2";
			developmentRegion = English;
			hasScannedForEncodings = 0;
			knownRegions = (
				en,
			);
			mainGroup = BCBB5EA51BAFAE6E00C41D03;
			productRefGroup = BCBB5EAF1BAFAE6E00C41D03 /* Products */;
			projectDirPath = "";
			projectRoot = "";
			targets = (
				BCBB5EAD1BAFAE6E00C41D03 /* 1-设计人类 */,
			);
		};
/* End PBXProject section */

/* Begin PBXSourcesBuildPhase section */
		BCBB5EAA1BAFAE6E00C41D03 /* Sources */ = {
			isa = PBXSourcesBuildPhase;
			buildActionMask = 2147483647;
			files = (
				BCBB5EB21BAFAE6E00C41D03 /* main.m in Sources */,
			);
			runOnlyForDeploymentPostprocessing = 0;
		};
/* End PBXSourcesBuildPhase section */

/* Begin XCBuildConfiguration section */
		BCBB5EB31BAFAE6E00C41D03 /* Debug */ = {
			isa = XCBuildConfiguration;
			buildSettings = {
				ALWAYS_SEARCH_USER_PATHS = NO;
				CLANG_CXX_LANGUAGE_STANDARD = "gnu++0x";
				CLANG_CXX_LIBRARY = "libc++";
				CLANG_ENABLE_MODULES = YES;
				CLANG_ENABLE_OBJC_ARC = YES;
				CLANG_WARN_BOOL_CONVERSION = YES;
				CLANG_WARN_CONSTANT_CONVERSION = YES;
				CLANG_WARN_DIRECT_OBJC_ISA_USAGE = YES_ERROR;
				CLANG_WARN_EMPTY_BODY = YES;
				CLANG_WARN_ENUM_CONVERSION = YES;
				CLANG_WARN_INT_CONVERSION = YES;
				CLANG_WARN_OBJC_ROOT_CLASS = YES_ERROR;
				CLANG_WARN_UNREACHABLE_CODE = YES;
				CLANG_WARN__DUPLICATE_METHOD_MATCH = YES;
				COPY_PHASE_STRIP = NO;
				ENABLE_STRICT_OBJC_MSGSEND = YES;
				GCC_C_LANGUAGE_STANDARD = gnu99;
				GCC_DYNAMIC_NO_PIC = NO;
				GCC_OPTIMIZATION_LEVEL = 0;
				GCC_PREPROCESSOR_DEFINITIONS = (
					"DEBUG=1",
					"$(inherited)",
				);
				GCC_SYMBOLS_PRIVATE_EXTERN = NO;
				GCC_WARN_64_TO_32_BIT_CONVERSION = YES;
				GCC_WARN_ABOUT_RETURN_TYPE = YES_ERROR;
				GCC_WARN_UNDECLARED_SELECTOR = YES;
				GCC_WARN_UNINITIALIZED_AUTOS = YES_AGGRESSIVE;
				GCC_WARN_UNUSED_FUNCTION = YES;
				GCC_WARN_UNUSED_VARIABLE = YES;
				MACOSX_DEPLOYMENT_TARGET = 10.9;
				MTL_ENABLE_DEBUG_INFO = YES;
				ONLY_ACTIVE_ARCH = YES;
				SDKROOT = macosx;
			};
			name = Debug;
		};
		BCBB5EB41BAFAE6E00C41D03 /* Release */ = {
			isa = XCBuildConfiguration;
			buildSettings = {
				ALWAYS_SEARCH_USER_PATHS = NO;
				CLANG_CXX_LANGUAGE_STANDARD = "gnu++0x";
				CLANG_CXX_LIBRARY = "libc++";
				CLANG_ENABLE_MODULES = YES;
				CLANG_ENABLE_OBJC_ARC = YES;
				CLANG_WARN_BOOL_CONVERSION = YES;
				CLANG_WARN_CONSTANT_CONVERSION = YES;
				CLANG_WARN_DIRECT_OBJC_ISA_USAGE = YES_ERROR;
				CLANG_WARN_EMPTY_BODY = YES;
				CLANG_WARN_ENUM_CONVERSION = YES;
				CLANG_WARN_INT_CONVERSION = YES;
				CLANG_WARN_OBJC_ROOT_CLASS = YES_ERROR;
				CLANG_WARN_UNREACHABLE_CODE = YES;
				CLANG_WARN__DUPLICATE_METHOD_MATCH = YES;
				COPY_PHASE_STRIP = YES;
				DEBUG_INFORMATION_FORMAT = "dwarf-with-dsym";
				ENABLE_NS_ASSERTIONS = NO;
				ENABLE_STRICT_OBJC_MSGSEND = YES;
				GCC_C_LANGUAGE_STANDARD = gnu99;
				GCC_WARN_64_TO_32_BIT_CONVERSION = YES;
				GCC_WARN_ABOUT_RETURN_TYPE = YES_ERROR;
				GCC_WARN_UNDECLARED_SELECTOR = YES;
				GCC_WARN_UNINITIALIZED_AUTOS = YES_AGGRESSIVE;
				GCC_WARN_UNUSED_FUNCTION = YES;
				GCC_WARN_UNUSED_VARIABLE = YES;
				MACOSX_DEPLOYMENT_TARGET = 10.9;
				MTL_ENABLE_DEBUG_INFO = NO;
				SDKROOT = macosx;
			};
			name = Release;
		};
		BCBB5EB61BAFAE6E00C41D03 /* Debug */ = {
			isa = XCBuildConfiguration;
			buildSettings = {
				PRODUCT_NAME = "$(TARGET_NAME)";
			};
			name = Debug;
		};
		BCBB5EB71BAFAE6E00C41D03 /* Release */ = {
			isa = XCBuildConfiguration;
			buildSettings = {
				PRODUCT_NAME = "$(TARGET_NAME)";
			};
			name = Release;
		};
/* End XCBuildConfiguration section */

/* Begin XCConfigurationList section */
		BCBB5EA91BAFAE6E00C41D03 /* Build configuration list for PBXProject "1-设计人类" */ = {
			isa = XCConfigurationList;
			buildConfigurations = (
				BCBB5EB31BAFAE6E00C41D03 /* Debug */,
				BCBB5EB41BAFAE6E00C41D03 /* Release */,
			);
			defaultConfigurationIsVisible = 0;
			defaultConfigurationName = Release;
		};
		BCBB5EB51BAFAE6E00C41D03 /* Build configuration list for PBXNativeTarget "1-设计人类" */ = {
			isa = XCConfigurationList;
			buildConfigurations = (
				BCBB5EB61BAFAE6E00C41D03 /* Debug */,
				BCBB5EB71BAFAE6E00C41D03 /* Release */,
			);
			defaultConfigurationIsVisible = 0;
		};
/* End XCConfigurationList section */
	};
	rootObject = BCBB5EA61BAFAE6E00C41D03 /* Project object */;
}
