// !$*UTF8*$!
{
	archiveVersion = 1;
	classes = {
	};
	objectVersion = 46;
	objects = {

/* Begin PBXBuildFile section */
		BCBB5ED81BAFEE3300C41D03 /* main.m in Sources */ = {isa = PBXBuildFile; fileRef = BCBB5ED71BAFEE3300C41D03 /* main.m */; };
		BCBB5EE01BAFF08300C41D03 /* Add.m in Sources */ = {isa = PBXBuildFile; fileRef = BCBB5EDF1BAFF08300C41D03 /* Add.m */; };
		BCBB5EE41BAFF7C000C41D03 /* Rectangle.m in Sources */ = {isa = PBXBuildFile; fileRef = BCBB5EE31BAFF7C000C41D03 /* Rectangle.m */; };
		BCBB5EE71BAFFDDF00C41D03 /* Dog.m in Sources */ = {isa = PBXBuildFile; fileRef = BCBB5EE61BAFFDDF00C41D03 /* Dog.m */; };
/* End PBXBuildFile section */

/* Begin PBXCopyFilesBuildPhase section */
		BCBB5ED21BAFEE3300C41D03 /* CopyFiles */ = {
			isa = PBXCopyFilesBuildPhase;
			buildActionMask = 2147483647;
			dstPath = /usr/share/man/man1/;
			dstSubfolderSpec = 0;
			files = (
			);
			runOnlyForDeploymentPostprocessing = 1;
		};
/* End PBXCopyFilesBuildPhase section */

/* Begin PBXFileReference section */
		BCBB5ED41BAFEE3300C41D03 /* 3-加法器 */ = {isa = PBXFileReference; explicitFileType = "compiled.mach-o.executable"; includeInIndex = 0; path = "3-加法器"; sourceTree = BUILT_PRODUCTS_DIR; };
		BCBB5ED71BAFEE3300C41D03 /* main.m */ = {isa = PBXFileReference; lastKnownFileType = sourcecode.c.objc; path = main.m; sourceTree = "<group>"; };
		BCBB5EDE1BAFF08300C41D03 /* Add.h */ = {isa = PBXFileReference; fileEncoding = 4; lastKnownFileType = sourcecode.c.h; path = Add.h; sourceTree = "<group>"; };
		BCBB5EDF1BAFF08300C41D03 /* Add.m */ = {isa = PBXFileReference; fileEncoding = 4; lastKnownFileType = sourcecode.c.objc; path = Add.m; sourceTree = "<group>"; };
		BCBB5EE21BAFF7C000C41D03 /* Rectangle.h */ = {isa = PBXFileReference; fileEncoding = 4; lastKnownFileType = sourcecode.c.h; path = Rectangle.h; sourceTree = "<group>"; };
		BCBB5EE31BAFF7C000C41D03 /* Rectangle.m */ = {isa = PBXFileReference; fileEncoding = 4; lastKnownFileType = sourcecode.c.objc; path = Rectangle.m; sourceTree = "<group>"; };
		BCBB5EE51BAFFDDF00C41D03 /* Dog.h */ = {isa = PBXFileReference; fileEncoding = 4; lastKnownFileType = sourcecode.c.h; path = Dog.h; sourceTree = "<group>"; };
		BCBB5EE61BAFFDDF00C41D03 /* Dog.m */ = {isa = PBXFileReference; fileEncoding = 4; lastKnownFileType = sourcecode.c.objc; path = Dog.m; sourceTree = "<group>"; };
/* End PBXFileReference section */

/* Begin PBXFrameworksBuildPhase section */
		BCBB5ED11BAFEE3300C41D03 /* Frameworks */ = {
			isa = PBXFrameworksBuildPhase;
			buildActionMask = 2147483647;
			files = (
			);
			runOnlyForDeploymentPostprocessing = 0;
		};
/* End PBXFrameworksBuildPhase section */

/* Begin PBXGroup section */
		BCBB5ECB1BAFEE3300C41D03 = {
			isa = PBXGroup;
			children = (
				BCBB5EE51BAFFDDF00C41D03 /* Dog.h */,
				BCBB5EE61BAFFDDF00C41D03 /* Dog.m */,
				BCBB5EE21BAFF7C000C41D03 /* Rectangle.h */,
				BCBB5EE31BAFF7C000C41D03 /* Rectangle.m */,
				BCBB5EDE1BAFF08300C41D03 /* Add.h */,
				BCBB5EDF1BAFF08300C41D03 /* Add.m */,
				BCBB5ED61BAFEE3300C41D03 /* 3-加法器 */,
				BCBB5ED51BAFEE3300C41D03 /* Products */,
			);
			sourceTree = "<group>";
		};
		BCBB5ED51BAFEE3300C41D03 /* Products */ = {
			isa = PBXGroup;
			children = (
				BCBB5ED41BAFEE3300C41D03 /* 3-加法器 */,
			);
			name = Products;
			sourceTree = "<group>";
		};
		BCBB5ED61BAFEE3300C41D03 /* 3-加法器 */ = {
			isa = PBXGroup;
			children = (
				BCBB5ED71BAFEE3300C41D03 /* main.m */,
			);
			path = "3-加法器";
			sourceTree = "<group>";
		};
/* End PBXGroup section */

/* Begin PBXNativeTarget section */
		BCBB5ED31BAFEE3300C41D03 /* 3-加法器 */ = {
			isa = PBXNativeTarget;
			buildConfigurationList = BCBB5EDB1BAFEE3300C41D03 /* Build configuration list for PBXNativeTarget "3-加法器" */;
			buildPhases = (
				BCBB5ED01BAFEE3300C41D03 /* Sources */,
				BCBB5ED11BAFEE3300C41D03 /* Frameworks */,
				BCBB5ED21BAFEE3300C41D03 /* CopyFiles */,
			);
			buildRules = (
			);
			dependencies = (
			);
			name = "3-加法器";
			productName = "3-加法器";
			productReference = BCBB5ED41BAFEE3300C41D03 /* 3-加法器 */;
			productType = "com.apple.product-type.tool";
		};
/* End PBXNativeTarget section */

/* Begin PBXProject section */
		BCBB5ECC1BAFEE3300C41D03 /* Project object */ = {
			isa = PBXProject;
			attributes = {
				LastUpgradeCheck = 0610;
				ORGANIZATIONNAME = qianfeng;
				TargetAttributes = {
					BCBB5ED31BAFEE3300C41D03 = {
						CreatedOnToolsVersion = 6.1.1;
					};
				};
			};
			buildConfigurationList = BCBB5ECF1BAFEE3300C41D03 /* Build configuration list for PBXProject "3-加法器" */;
			compatibilityVersion = "Xcode 3.2";
			developmentRegion = English;
			hasScannedForEncodings = 0;
			knownRegions = (
				en,
			);
			mainGroup = BCBB5ECB1BAFEE3300C41D03;
			productRefGroup = BCBB5ED51BAFEE3300C41D03 /* Products */;
			projectDirPath = "";
			projectRoot = "";
			targets = (
				BCBB5ED31BAFEE3300C41D03 /* 3-加法器 */,
			);
		};
/* End PBXProject section */

/* Begin PBXSourcesBuildPhase section */
		BCBB5ED01BAFEE3300C41D03 /* Sources */ = {
			isa = PBXSourcesBuildPhase;
			buildActionMask = 2147483647;
			files = (
				BCBB5ED81BAFEE3300C41D03 /* main.m in Sources */,
				BCBB5EE01BAFF08300C41D03 /* Add.m in Sources */,
				BCBB5EE71BAFFDDF00C41D03 /* Dog.m in Sources */,
				BCBB5EE41BAFF7C000C41D03 /* Rectangle.m in Sources */,
			);
			runOnlyForDeploymentPostprocessing = 0;
		};
/* End PBXSourcesBuildPhase section */

/* Begin XCBuildConfiguration section */
		BCBB5ED91BAFEE3300C41D03 /* Debug */ = {
			isa = XCBuildConfiguration;
			buildSettings = {
				ALWAYS_SEARCH_USER_PATHS = NO;
				CLANG_CXX_LANGUAGE_STANDARD = "gnu++0x";
				CLANG_CXX_LIBRARY = "libc++";
				CLANG_ENABLE_MODULES = YES;
				CLANG_ENABLE_OBJC_ARC = YES;
				CLANG_WARN_BOOL_CONVERSION = YES;
				CLANG_WARN_CONSTANT_CONVERSION = YES;
				CLANG_WARN_DIRECT_OBJC_ISA_USAGE = YES_ERROR;
				CLANG_WARN_EMPTY_BODY = YES;
				CLANG_WARN_ENUM_CONVERSION = YES;
				CLANG_WARN_INT_CONVERSION = YES;
				CLANG_WARN_OBJC_ROOT_CLASS = YES_ERROR;
				CLANG_WARN_UNREACHABLE_CODE = YES;
				CLANG_WARN__DUPLICATE_METHOD_MATCH = YES;
				COPY_PHASE_STRIP = NO;
				ENABLE_STRICT_OBJC_MSGSEND = YES;
				GCC_C_LANGUAGE_STANDARD = gnu99;
				GCC_DYNAMIC_NO_PIC = NO;
				GCC_OPTIMIZATION_LEVEL = 0;
				GCC_PREPROCESSOR_DEFINITIONS = (
					"DEBUG=1",
					"$(inherited)",
				);
				GCC_SYMBOLS_PRIVATE_EXTERN = NO;
				GCC_WARN_64_TO_32_BIT_CONVERSION = YES;
				GCC_WARN_ABOUT_RETURN_TYPE = YES_ERROR;
				GCC_WARN_UNDECLARED_SELECTOR = YES;
				GCC_WARN_UNINITIALIZED_AUTOS = YES_AGGRESSIVE;
				GCC_WARN_UNUSED_FUNCTION = YES;
				GCC_WARN_UNUSED_VARIABLE = YES;
				MACOSX_DEPLOYMENT_TARGET = 10.9;
				MTL_ENABLE_DEBUG_INFO = YES;
				ONLY_ACTIVE_ARCH = YES;
				SDKROOT = macosx;
			};
			name = Debug;
		};
		BCBB5EDA1BAFEE3300C41D03 /* Release */ = {
			isa = XCBuildConfiguration;
			buildSettings = {
				ALWAYS_SEARCH_USER_PATHS = NO;
				CLANG_CXX_LANGUAGE_STANDARD = "gnu++0x";
				CLANG_CXX_LIBRARY = "libc++";
				CLANG_ENABLE_MODULES = YES;
				CLANG_ENABLE_OBJC_ARC = YES;
				CLANG_WARN_BOOL_CONVERSION = YES;
				CLANG_WARN_CONSTANT_CONVERSION = YES;
				CLANG_WARN_DIRECT_OBJC_ISA_USAGE = YES_ERROR;
				CLANG_WARN_EMPTY_BODY = YES;
				CLANG_WARN_ENUM_CONVERSION = YES;
				CLANG_WARN_INT_CONVERSION = YES;
				CLANG_WARN_OBJC_ROOT_CLASS = YES_ERROR;
				CLANG_WARN_UNREACHABLE_CODE = YES;
				CLANG_WARN__DUPLICATE_METHOD_MATCH = YES;
				COPY_PHASE_STRIP = YES;
				DEBUG_INFORMATION_FORMAT = "dwarf-with-dsym";
				ENABLE_NS_ASSERTIONS = NO;
				ENABLE_STRICT_OBJC_MSGSEND = YES;
				GCC_C_LANGUAGE_STANDARD = gnu99;
				GCC_WARN_64_TO_32_BIT_CONVERSION = YES;
				GCC_WARN_ABOUT_RETURN_TYPE = YES_ERROR;
				GCC_WARN_UNDECLARED_SELECTOR = YES;
				GCC_WARN_UNINITIALIZED_AUTOS = YES_AGGRESSIVE;
				GCC_WARN_UNUSED_FUNCTION = YES;
				GCC_WARN_UNUSED_VARIABLE = YES;
				MACOSX_DEPLOYMENT_TARGET = 10.9;
				MTL_ENABLE_DEBUG_INFO = NO;
				SDKROOT = macosx;
			};
			name = Release;
		};
		BCBB5EDC1BAFEE3300C41D03 /* Debug */ = {
			isa = XCBuildConfiguration;
			buildSettings = {
				PRODUCT_NAME = "$(TARGET_NAME)";
			};
			name = Debug;
		};
		BCBB5EDD1BAFEE3300C41D03 /* Release */ = {
			isa = XCBuildConfiguration;
			buildSettings = {
				PRODUCT_NAME = "$(TARGET_NAME)";
			};
			name = Release;
		};
/* End XCBuildConfiguration section */

/* Begin XCConfigurationList section */
		BCBB5ECF1BAFEE3300C41D03 /* Build configuration list for PBXProject "3-加法器" */ = {
			isa = XCConfigurationList;
			buildConfigurations = (
				BCBB5ED91BAFEE3300C41D03 /* Debug */,
				BCBB5EDA1BAFEE3300C41D03 /* Release */,
			);
			defaultConfigurationIsVisible = 0;
			defaultConfigurationName = Release;
		};
		BCBB5EDB1BAFEE3300C41D03 /* Build configuration list for PBXNativeTarget "3-加法器" */ = {
			isa = XCConfigurationList;
			buildConfigurations = (
				BCBB5EDC1BAFEE3300C41D03 /* Debug */,
				BCBB5EDD1BAFEE3300C41D03 /* Release */,
			);
			defaultConfigurationIsVisible = 0;
		};
/* End XCConfigurationList section */
	};
	rootObject = BCBB5ECC1BAFEE3300C41D03 /* Project object */;
}
